
Microsoft Visual Studio Solution File, Format Version 12.00
# Visual Studio 15
VisualStudioVersion = 15.0.28307.329
MinimumVisualStudioVersion = 10.0.40219.1
Project("{8BC9CEB8-8B4A-11D0-8D11-00A0C91BC942}") = "RPN", "RPN\RPN.vcxproj", "{3C34166B-7CA9-47C8-ADD3-E141462937B7}"
EndProject
Global
	GlobalSection(SolutionConfigurationPlatforms) = preSolution
		Debug|x64 = Debug|x64
		Debug|x86 = Debug|x86
		Release|x64 = Release|x64
		Release|x86 = Release|x86
	EndGlobalSection
	GlobalSection(ProjectConfigurationPlatforms) = postSolution
		{3C34166B-7CA9-47C8-ADD3-E141462937B7}.Debug|x64.ActiveCfg = Debug|x64
		{3C34166B-7CA9-47C8-ADD3-E141462937B7}.Debug|x64.Build.0 = Debug|x64
		{3C34166B-7CA9-47C8-ADD3-E141462937B7}.Debug|x86.ActiveCfg = Debug|Win32
		{3C34166B-7CA9-47C8-ADD3-E141462937B7}.Debug|x86.Build.0 = Debug|Win32
		{3C34166B-7CA9-47C8-ADD3-E141462937B7}.Release|x64.ActiveCfg = Release|x64
		{3C34166B-7CA9-47C8-ADD3-E141462937B7}.Release|x64.Build.0 = Release|x64
		{3C34166B-7CA9-47C8-ADD3-E141462937B7}.Release|x86.ActiveCfg = Release|Win32
		{3C34166B-7CA9-47C8-ADD3-E141462937B7}.Release|x86.Build.0 = Release|Win32
	EndGlobalSection
	GlobalSection(SolutionProperties) = preSolution
		HideSolutionNode = FALSE
	EndGlobalSection
	GlobalSection(ExtensibilityGlobals) = postSolution
		SolutionGuid = {8CEBFAC6-D9D5-4348-B1BC-3D5B2C3172DC}
	EndGlobalSection
EndGlobal
